
Microsoft Visual Studio Solution File, Format Version 12.00
# Visual Studio 2012
Project("{FAE04EC0-301F-11D3-BF4B-00C04F79EFBC}") = "AccesoSQLiteyServicio", "AccesoSQLiteyServicio\AccesoSQLiteyServicio.csproj", "{67E93BAB-532B-4CA8-A2B6-A71E786A0999}"
EndProject
Global
	GlobalSection(SolutionConfigurationPlatforms) = preSolution
		Debug|iPhoneSimulator = Debug|iPhoneSimulator
		Release|iPhone = Release|iPhone
		Release|iPhoneSimulator = Release|iPhoneSimulator
		Debug|iPhone = Debug|iPhone
	EndGlobalSection
	GlobalSection(ProjectConfigurationPlatforms) = postSolution
		{67E93BAB-532B-4CA8-A2B6-A71E786A0999}.Debug|iPhoneSimulator.ActiveCfg = Debug|iPhoneSimulator
		{67E93BAB-532B-4CA8-A2B6-A71E786A0999}.Debug|iPhoneSimulator.Build.0 = Debug|iPhoneSimulator
		{67E93BAB-532B-4CA8-A2B6-A71E786A0999}.Release|iPhone.ActiveCfg = Release|iPhone
		{67E93BAB-532B-4CA8-A2B6-A71E786A0999}.Release|iPhone.Build.0 = Release|iPhone
		{67E93BAB-532B-4CA8-A2B6-A71E786A0999}.Release|iPhoneSimulator.ActiveCfg = Release|iPhoneSimulator
		{67E93BAB-532B-4CA8-A2B6-A71E786A0999}.Release|iPhoneSimulator.Build.0 = Release|iPhoneSimulator
		{67E93BAB-532B-4CA8-A2B6-A71E786A0999}.Debug|iPhone.ActiveCfg = Debug|iPhone
		{67E93BAB-532B-4CA8-A2B6-A71E786A0999}.Debug|iPhone.Build.0 = Debug|iPhone
	EndGlobalSection
EndGlobal
