
Microsoft Visual Studio Solution File, Format Version 12.00
# Visual Studio 2012
Project("{FAE04EC0-301F-11D3-BF4B-00C04F79EFBC}") = "EjercicioStoryBoard", "EjercicioStoryBoard\EjercicioStoryBoard.csproj", "{9530CEF4-6764-467A-8F28-E244B297E418}"
EndProject
Global
	GlobalSection(SolutionConfigurationPlatforms) = preSolution
		Debug|iPhoneSimulator = Debug|iPhoneSimulator
		Release|iPhone = Release|iPhone
		Release|iPhoneSimulator = Release|iPhoneSimulator
		Debug|iPhone = Debug|iPhone
	EndGlobalSection
	GlobalSection(ProjectConfigurationPlatforms) = postSolution
		{9530CEF4-6764-467A-8F28-E244B297E418}.Debug|iPhoneSimulator.ActiveCfg = Debug|iPhoneSimulator
		{9530CEF4-6764-467A-8F28-E244B297E418}.Debug|iPhoneSimulator.Build.0 = Debug|iPhoneSimulator
		{9530CEF4-6764-467A-8F28-E244B297E418}.Release|iPhone.ActiveCfg = Release|iPhone
		{9530CEF4-6764-467A-8F28-E244B297E418}.Release|iPhone.Build.0 = Release|iPhone
		{9530CEF4-6764-467A-8F28-E244B297E418}.Release|iPhoneSimulator.ActiveCfg = Release|iPhoneSimulator
		{9530CEF4-6764-467A-8F28-E244B297E418}.Release|iPhoneSimulator.Build.0 = Release|iPhoneSimulator
		{9530CEF4-6764-467A-8F28-E244B297E418}.Debug|iPhone.ActiveCfg = Debug|iPhone
		{9530CEF4-6764-467A-8F28-E244B297E418}.Debug|iPhone.Build.0 = Debug|iPhone
	EndGlobalSection
EndGlobal
